
Microsoft Visual Studio Solution File, Format Version 12.00
# Visual Studio Version 16
VisualStudioVersion = 16.0.30804.86
MinimumVisualStudioVersion = 10.0.40219.1
Project("{FAE04EC0-301F-11D3-BF4B-00C04F79EFBC}") = "jenk-test", "jenk-test\jenk-test.csproj", "{F2798E19-31F3-4FC2-A151-9ADD0AAE151A}"
EndProject
Global
	GlobalSection(SolutionConfigurationPlatforms) = preSolution
		Debug|Any CPU = Debug|Any CPU
		Release|Any CPU = Release|Any CPU
	EndGlobalSection
	GlobalSection(ProjectConfigurationPlatforms) = postSolution
		{F2798E19-31F3-4FC2-A151-9ADD0AAE151A}.Debug|Any CPU.ActiveCfg = Debug|Any CPU
		{F2798E19-31F3-4FC2-A151-9ADD0AAE151A}.Debug|Any CPU.Build.0 = Debug|Any CPU
		{F2798E19-31F3-4FC2-A151-9ADD0AAE151A}.Release|Any CPU.ActiveCfg = Release|Any CPU
		{F2798E19-31F3-4FC2-A151-9ADD0AAE151A}.Release|Any CPU.Build.0 = Release|Any CPU
	EndGlobalSection
	GlobalSection(SolutionProperties) = preSolution
		HideSolutionNode = FALSE
	EndGlobalSection
	GlobalSection(ExtensibilityGlobals) = postSolution
		SolutionGuid = {48BB4951-0CB0-4627-800E-F0D981776382}
	EndGlobalSection
EndGlobal
